
Microsoft Visual Studio Solution File, Format Version 12.00
# Visual Studio 14
VisualStudioVersion = 14.0.23107.0
MinimumVisualStudioVersion = 10.0.40219.1
Project("{FAE04EC0-301F-11D3-BF4B-00C04F79EFBC}") = "Gray2RGB", "Gray2RGB.csproj", "{683DDDCA-EF4C-4695-B7EA-279FEFB3594B}"
EndProject
Global
	GlobalSection(SolutionConfigurationPlatforms) = preSolution
		Debug|Any CPU = Debug|Any CPU
		Release|Any CPU = Release|Any CPU
	EndGlobalSection
	GlobalSection(ProjectConfigurationPlatforms) = postSolution
		{683DDDCA-EF4C-4695-B7EA-279FEFB3594B}.Debug|Any CPU.ActiveCfg = Debug|Any CPU
		{683DDDCA-EF4C-4695-B7EA-279FEFB3594B}.Debug|Any CPU.Build.0 = Debug|Any CPU
		{683DDDCA-EF4C-4695-B7EA-279FEFB3594B}.Release|Any CPU.ActiveCfg = Release|Any CPU
		{683DDDCA-EF4C-4695-B7EA-279FEFB3594B}.Release|Any CPU.Build.0 = Release|Any CPU
	EndGlobalSection
	GlobalSection(SolutionProperties) = preSolution
		HideSolutionNode = FALSE
	EndGlobalSection
EndGlobal
